// !$*UTF8*$!
{
	archiveVersion = 1;
	classes = {
	};
	objectVersion = 46;
	objects = {

/* Begin PBXBuildFile section */
		F49B9ADC19C01BBB0021406B /* Foundation.framework in Frameworks */ = {isa = PBXBuildFile; fileRef = F49B9ADB19C01BBB0021406B /* Foundation.framework */; };
		F49B9ADE19C01BBB0021406B /* CoreGraphics.framework in Frameworks */ = {isa = PBXBuildFile; fileRef = F49B9ADD19C01BBB0021406B /* CoreGraphics.framework */; };
		F49B9AE019C01BBB0021406B /* UIKit.framework in Frameworks */ = {isa = PBXBuildFile; fileRef = F49B9ADF19C01BBB0021406B /* UIKit.framework */; };
		F49B9AE619C01BBB0021406B /* InfoPlist.strings in Resources */ = {isa = PBXBuildFile; fileRef = F49B9AE419C01BBB0021406B /* InfoPlist.strings */; };
		F49B9AE819C01BBB0021406B /* main.m in Sources */ = {isa = PBXBuildFile; fileRef = F49B9AE719C01BBB0021406B /* main.m */; };
		F49B9AEC19C01BBB0021406B /* wsAppDelegate.m in Sources */ = {isa = PBXBuildFile; fileRef = F49B9AEB19C01BBB0021406B /* wsAppDelegate.m */; };
		F49B9AEF19C01BBB0021406B /* Main.storyboard in Resources */ = {isa = PBXBuildFile; fileRef = F49B9AED19C01BBB0021406B /* Main.storyboard */; };
		F49B9AF219C01BBB0021406B /* wsViewController.m in Sources */ = {isa = PBXBuildFile; fileRef = F49B9AF119C01BBB0021406B /* wsViewController.m */; };
		F49B9AF419C01BBB0021406B /* Images.xcassets in Resources */ = {isa = PBXBuildFile; fileRef = F49B9AF319C01BBB0021406B /* Images.xcassets */; };
		F49B9AFB19C01BBB0021406B /* XCTest.framework in Frameworks */ = {isa = PBXBuildFile; fileRef = F49B9AFA19C01BBB0021406B /* XCTest.framework */; };
		F49B9AFC19C01BBB0021406B /* Foundation.framework in Frameworks */ = {isa = PBXBuildFile; fileRef = F49B9ADB19C01BBB0021406B /* Foundation.framework */; };
		F49B9AFD19C01BBB0021406B /* UIKit.framework in Frameworks */ = {isa = PBXBuildFile; fileRef = F49B9ADF19C01BBB0021406B /* UIKit.framework */; };
		F49B9B0519C01BBB0021406B /* InfoPlist.strings in Resources */ = {isa = PBXBuildFile; fileRef = F49B9B0319C01BBB0021406B /* InfoPlist.strings */; };
		F49B9B0719C01BBB0021406B /* json_model_exampleTests.m in Sources */ = {isa = PBXBuildFile; fileRef = F49B9B0619C01BBB0021406B /* json_model_exampleTests.m */; };
		F49B9B1919C10DBD0021406B /* config_file.xml in Resources */ = {isa = PBXBuildFile; fileRef = F49B9B1819C10DBD0021406B /* config_file.xml */; };
		F49B9B1C19C10F920021406B /* wsDataHandler.m in Sources */ = {isa = PBXBuildFile; fileRef = F49B9B1B19C10F920021406B /* wsDataHandler.m */; };
		F49B9B1F19C111410021406B /* WSModel.m in Sources */ = {isa = PBXBuildFile; fileRef = F49B9B1E19C111410021406B /* WSModel.m */; };
		F49B9B2219C114E20021406B /* WSWebServiceRequest.m in Sources */ = {isa = PBXBuildFile; fileRef = F49B9B2119C114E20021406B /* WSWebServiceRequest.m */; };
/* End PBXBuildFile section */

/* Begin PBXContainerItemProxy section */
		F49B9AFE19C01BBB0021406B /* PBXContainerItemProxy */ = {
			isa = PBXContainerItemProxy;
			containerPortal = F49B9AD019C01BBA0021406B /* Project object */;
			proxyType = 1;
			remoteGlobalIDString = F49B9AD719C01BBB0021406B;
			remoteInfo = json_model_example;
		};
/* End PBXContainerItemProxy section */

/* Begin PBXFileReference section */
		F49B9AD819C01BBB0021406B /* json_model_example.app */ = {isa = PBXFileReference; explicitFileType = wrapper.application; includeInIndex = 0; path = json_model_example.app; sourceTree = BUILT_PRODUCTS_DIR; };
		F49B9ADB19C01BBB0021406B /* Foundation.framework */ = {isa = PBXFileReference; lastKnownFileType = wrapper.framework; name = Foundation.framework; path = System/Library/Frameworks/Foundation.framework; sourceTree = SDKROOT; };
		F49B9ADD19C01BBB0021406B /* CoreGraphics.framework */ = {isa = PBXFileReference; lastKnownFileType = wrapper.framework; name = CoreGraphics.framework; path = System/Library/Frameworks/CoreGraphics.framework; sourceTree = SDKROOT; };
		F49B9ADF19C01BBB0021406B /* UIKit.framework */ = {isa = PBXFileReference; lastKnownFileType = wrapper.framework; name = UIKit.framework; path = System/Library/Frameworks/UIKit.framework; sourceTree = SDKROOT; };
		F49B9AE319C01BBB0021406B /* json_model_example-Info.plist */ = {isa = PBXFileReference; lastKnownFileType = text.plist.xml; path = "json_model_example-Info.plist"; sourceTree = "<group>"; };
		F49B9AE519C01BBB0021406B /* en */ = {isa = PBXFileReference; lastKnownFileType = text.plist.strings; name = en; path = en.lproj/InfoPlist.strings; sourceTree = "<group>"; };
		F49B9AE719C01BBB0021406B /* main.m */ = {isa = PBXFileReference; lastKnownFileType = sourcecode.c.objc; path = main.m; sourceTree = "<group>"; };
		F49B9AE919C01BBB0021406B /* json_model_example-Prefix.pch */ = {isa = PBXFileReference; lastKnownFileType = sourcecode.c.h; path = "json_model_example-Prefix.pch"; sourceTree = "<group>"; };
		F49B9AEA19C01BBB0021406B /* wsAppDelegate.h */ = {isa = PBXFileReference; lastKnownFileType = sourcecode.c.h; path = wsAppDelegate.h; sourceTree = "<group>"; };
		F49B9AEB19C01BBB0021406B /* wsAppDelegate.m */ = {isa = PBXFileReference; lastKnownFileType = sourcecode.c.objc; path = wsAppDelegate.m; sourceTree = "<group>"; };
		F49B9AEE19C01BBB0021406B /* Base */ = {isa = PBXFileReference; lastKnownFileType = file.storyboard; name = Base; path = Base.lproj/Main.storyboard; sourceTree = "<group>"; };
		F49B9AF019C01BBB0021406B /* wsViewController.h */ = {isa = PBXFileReference; lastKnownFileType = sourcecode.c.h; path = wsViewController.h; sourceTree = "<group>"; };
		F49B9AF119C01BBB0021406B /* wsViewController.m */ = {isa = PBXFileReference; lastKnownFileType = sourcecode.c.objc; path = wsViewController.m; sourceTree = "<group>"; };
		F49B9AF319C01BBB0021406B /* Images.xcassets */ = {isa = PBXFileReference; lastKnownFileType = folder.assetcatalog; path = Images.xcassets; sourceTree = "<group>"; };
		F49B9AF919C01BBB0021406B /* json_model_exampleTests.xctest */ = {isa = PBXFileReference; explicitFileType = wrapper.cfbundle; includeInIndex = 0; path = json_model_exampleTests.xctest; sourceTree = BUILT_PRODUCTS_DIR; };
		F49B9AFA19C01BBB0021406B /* XCTest.framework */ = {isa = PBXFileReference; lastKnownFileType = wrapper.framework; name = XCTest.framework; path = Library/Frameworks/XCTest.framework; sourceTree = DEVELOPER_DIR; };
		F49B9B0219C01BBB0021406B /* json_model_exampleTests-Info.plist */ = {isa = PBXFileReference; lastKnownFileType = text.plist.xml; path = "json_model_exampleTests-Info.plist"; sourceTree = "<group>"; };
		F49B9B0419C01BBB0021406B /* en */ = {isa = PBXFileReference; lastKnownFileType = text.plist.strings; name = en; path = en.lproj/InfoPlist.strings; sourceTree = "<group>"; };
		F49B9B0619C01BBB0021406B /* json_model_exampleTests.m */ = {isa = PBXFileReference; lastKnownFileType = sourcecode.c.objc; path = json_model_exampleTests.m; sourceTree = "<group>"; };
		F49B9B1819C10DBD0021406B /* config_file.xml */ = {isa = PBXFileReference; fileEncoding = 4; lastKnownFileType = text.xml; path = config_file.xml; sourceTree = "<group>"; };
		F49B9B1A19C10F920021406B /* wsDataHandler.h */ = {isa = PBXFileReference; fileEncoding = 4; lastKnownFileType = sourcecode.c.h; name = wsDataHandler.h; path = Link/resources/wsDataHandler.h; sourceTree = "<group>"; };
		F49B9B1B19C10F920021406B /* wsDataHandler.m */ = {isa = PBXFileReference; fileEncoding = 4; lastKnownFileType = sourcecode.c.objc; name = wsDataHandler.m; path = Link/resources/wsDataHandler.m; sourceTree = "<group>"; };
		F49B9B1D19C111410021406B /* WSModel.h */ = {isa = PBXFileReference; fileEncoding = 4; lastKnownFileType = sourcecode.c.h; name = WSModel.h; path = Link/WSModel.h; sourceTree = "<group>"; };
		F49B9B1E19C111410021406B /* WSModel.m */ = {isa = PBXFileReference; fileEncoding = 4; lastKnownFileType = sourcecode.c.objc; name = WSModel.m; path = Link/WSModel.m; sourceTree = "<group>"; };
		F49B9B2019C114E20021406B /* WSWebServiceRequest.h */ = {isa = PBXFileReference; fileEncoding = 4; lastKnownFileType = sourcecode.c.h; name = WSWebServiceRequest.h; path = Link/WSWebServiceRequest.h; sourceTree = "<group>"; };
		F49B9B2119C114E20021406B /* WSWebServiceRequest.m */ = {isa = PBXFileReference; fileEncoding = 4; lastKnownFileType = sourcecode.c.objc; name = WSWebServiceRequest.m; path = Link/WSWebServiceRequest.m; sourceTree = "<group>"; };
/* End PBXFileReference section */

/* Begin PBXFrameworksBuildPhase section */
		F49B9AD519C01BBB0021406B /* Frameworks */ = {
			isa = PBXFrameworksBuildPhase;
			buildActionMask = 2147483647;
			files = (
				F49B9ADE19C01BBB0021406B /* CoreGraphics.framework in Frameworks */,
				F49B9AE019C01BBB0021406B /* UIKit.framework in Frameworks */,
				F49B9ADC19C01BBB0021406B /* Foundation.framework in Frameworks */,
			);
			runOnlyForDeploymentPostprocessing = 0;
		};
		F49B9AF619C01BBB0021406B /* Frameworks */ = {
			isa = PBXFrameworksBuildPhase;
			buildActionMask = 2147483647;
			files = (
				F49B9AFB19C01BBB0021406B /* XCTest.framework in Frameworks */,
				F49B9AFD19C01BBB0021406B /* UIKit.framework in Frameworks */,
				F49B9AFC19C01BBB0021406B /* Foundation.framework in Frameworks */,
			);
			runOnlyForDeploymentPostprocessing = 0;
		};
/* End PBXFrameworksBuildPhase section */

/* Begin PBXGroup section */
		F49B9ACF19C01BBA0021406B = {
			isa = PBXGroup;
			children = (
				F49B9AE119C01BBB0021406B /* json_model_example */,
				F49B9B0019C01BBB0021406B /* json_model_exampleTests */,
				F49B9ADA19C01BBB0021406B /* Frameworks */,
				F49B9AD919C01BBB0021406B /* Products */,
			);
			sourceTree = "<group>";
		};
		F49B9AD919C01BBB0021406B /* Products */ = {
			isa = PBXGroup;
			children = (
				F49B9AD819C01BBB0021406B /* json_model_example.app */,
				F49B9AF919C01BBB0021406B /* json_model_exampleTests.xctest */,
			);
			name = Products;
			sourceTree = "<group>";
		};
		F49B9ADA19C01BBB0021406B /* Frameworks */ = {
			isa = PBXGroup;
			children = (
				F49B9ADB19C01BBB0021406B /* Foundation.framework */,
				F49B9ADD19C01BBB0021406B /* CoreGraphics.framework */,
				F49B9ADF19C01BBB0021406B /* UIKit.framework */,
				F49B9AFA19C01BBB0021406B /* XCTest.framework */,
			);
			name = Frameworks;
			sourceTree = "<group>";
		};
		F49B9AE119C01BBB0021406B /* json_model_example */ = {
			isa = PBXGroup;
			children = (
				F49B9B1519C10C210021406B /* DTO */,
				F49B9B1419C10C1A0021406B /* Helpers */,
				F49B9B1319C01E930021406B /* Objects */,
				F49B9B1219C01E710021406B /* Link */,
				F49B9AEA19C01BBB0021406B /* wsAppDelegate.h */,
				F49B9AEB19C01BBB0021406B /* wsAppDelegate.m */,
				F49B9AED19C01BBB0021406B /* Main.storyboard */,
				F49B9AF019C01BBB0021406B /* wsViewController.h */,
				F49B9AF119C01BBB0021406B /* wsViewController.m */,
				F49B9AF319C01BBB0021406B /* Images.xcassets */,
				F49B9AE219C01BBB0021406B /* Supporting Files */,
			);
			path = json_model_example;
			sourceTree = "<group>";
		};
		F49B9AE219C01BBB0021406B /* Supporting Files */ = {
			isa = PBXGroup;
			children = (
				F49B9AE319C01BBB0021406B /* json_model_example-Info.plist */,
				F49B9AE419C01BBB0021406B /* InfoPlist.strings */,
				F49B9AE719C01BBB0021406B /* main.m */,
				F49B9AE919C01BBB0021406B /* json_model_example-Prefix.pch */,
			);
			name = "Supporting Files";
			sourceTree = "<group>";
		};
		F49B9B0019C01BBB0021406B /* json_model_exampleTests */ = {
			isa = PBXGroup;
			children = (
				F49B9B0619C01BBB0021406B /* json_model_exampleTests.m */,
				F49B9B0119C01BBB0021406B /* Supporting Files */,
			);
			path = json_model_exampleTests;
			sourceTree = "<group>";
		};
		F49B9B0119C01BBB0021406B /* Supporting Files */ = {
			isa = PBXGroup;
			children = (
				F49B9B0219C01BBB0021406B /* json_model_exampleTests-Info.plist */,
				F49B9B0319C01BBB0021406B /* InfoPlist.strings */,
			);
			name = "Supporting Files";
			sourceTree = "<group>";
		};
		F49B9B1219C01E710021406B /* Link */ = {
			isa = PBXGroup;
			children = (
				F49B9B1719C10C3B0021406B /* resources */,
				F49B9B1D19C111410021406B /* WSModel.h */,
				F49B9B1E19C111410021406B /* WSModel.m */,
				F49B9B2019C114E20021406B /* WSWebServiceRequest.h */,
				F49B9B2119C114E20021406B /* WSWebServiceRequest.m */,
			);
			name = Link;
			sourceTree = "<group>";
		};
		F49B9B1319C01E930021406B /* Objects */ = {
			isa = PBXGroup;
			children = (
			);
			name = Objects;
			sourceTree = "<group>";
		};
		F49B9B1419C10C1A0021406B /* Helpers */ = {
			isa = PBXGroup;
			children = (
			);
			name = Helpers;
			sourceTree = "<group>";
		};
		F49B9B1519C10C210021406B /* DTO */ = {
			isa = PBXGroup;
			children = (
			);
			name = DTO;
			sourceTree = "<group>";
		};
		F49B9B1719C10C3B0021406B /* resources */ = {
			isa = PBXGroup;
			children = (
				F49B9B1819C10DBD0021406B /* config_file.xml */,
				F49B9B1A19C10F920021406B /* wsDataHandler.h */,
				F49B9B1B19C10F920021406B /* wsDataHandler.m */,
			);
			name = resources;
			sourceTree = "<group>";
		};
/* End PBXGroup section */

/* Begin PBXNativeTarget section */
		F49B9AD719C01BBB0021406B /* json_model_example */ = {
			isa = PBXNativeTarget;
			buildConfigurationList = F49B9B0A19C01BBB0021406B /* Build configuration list for PBXNativeTarget "json_model_example" */;
			buildPhases = (
				F49B9AD419C01BBB0021406B /* Sources */,
				F49B9AD519C01BBB0021406B /* Frameworks */,
				F49B9AD619C01BBB0021406B /* Resources */,
			);
			buildRules = (
			);
			dependencies = (
			);
			name = json_model_example;
			productName = json_model_example;
			productReference = F49B9AD819C01BBB0021406B /* json_model_example.app */;
			productType = "com.apple.product-type.application";
		};
		F49B9AF819C01BBB0021406B /* json_model_exampleTests */ = {
			isa = PBXNativeTarget;
			buildConfigurationList = F49B9B0D19C01BBB0021406B /* Build configuration list for PBXNativeTarget "json_model_exampleTests" */;
			buildPhases = (
				F49B9AF519C01BBB0021406B /* Sources */,
				F49B9AF619C01BBB0021406B /* Frameworks */,
				F49B9AF719C01BBB0021406B /* Resources */,
			);
			buildRules = (
			);
			dependencies = (
				F49B9AFF19C01BBB0021406B /* PBXTargetDependency */,
			);
			name = json_model_exampleTests;
			productName = json_model_exampleTests;
			productReference = F49B9AF919C01BBB0021406B /* json_model_exampleTests.xctest */;
			productType = "com.apple.product-type.bundle.unit-test";
		};
/* End PBXNativeTarget section */

/* Begin PBXProject section */
		F49B9AD019C01BBA0021406B /* Project object */ = {
			isa = PBXProject;
			attributes = {
				CLASSPREFIX = ws;
				LastUpgradeCheck = 0510;
				TargetAttributes = {
					F49B9AF819C01BBB0021406B = {
						TestTargetID = F49B9AD719C01BBB0021406B;
					};
				};
			};
			buildConfigurationList = F49B9AD319C01BBA0021406B /* Build configuration list for PBXProject "json_model_example" */;
			compatibilityVersion = "Xcode 3.2";
			developmentRegion = English;
			hasScannedForEncodings = 0;
			knownRegions = (
				en,
				Base,
			);
			mainGroup = F49B9ACF19C01BBA0021406B;
			productRefGroup = F49B9AD919C01BBB0021406B /* Products */;
			projectDirPath = "";
			projectRoot = "";
			targets = (
				F49B9AD719C01BBB0021406B /* json_model_example */,
				F49B9AF819C01BBB0021406B /* json_model_exampleTests */,
			);
		};
/* End PBXProject section */

/* Begin PBXResourcesBuildPhase section */
		F49B9AD619C01BBB0021406B /* Resources */ = {
			isa = PBXResourcesBuildPhase;
			buildActionMask = 2147483647;
			files = (
				F49B9AF419C01BBB0021406B /* Images.xcassets in Resources */,
				F49B9AE619C01BBB0021406B /* InfoPlist.strings in Resources */,
				F49B9AEF19C01BBB0021406B /* Main.storyboard in Resources */,
				F49B9B1919C10DBD0021406B /* config_file.xml in Resources */,
			);
			runOnlyForDeploymentPostprocessing = 0;
		};
		F49B9AF719C01BBB0021406B /* Resources */ = {
			isa = PBXResourcesBuildPhase;
			buildActionMask = 2147483647;
			files = (
				F49B9B0519C01BBB0021406B /* InfoPlist.strings in Resources */,
			);
			runOnlyForDeploymentPostprocessing = 0;
		};
/* End PBXResourcesBuildPhase section */

/* Begin PBXSourcesBuildPhase section */
		F49B9AD419C01BBB0021406B /* Sources */ = {
			isa = PBXSourcesBuildPhase;
			buildActionMask = 2147483647;
			files = (
				F49B9B1F19C111410021406B /* WSModel.m in Sources */,
				F49B9B1C19C10F920021406B /* wsDataHandler.m in Sources */,
				F49B9B2219C114E20021406B /* WSWebServiceRequest.m in Sources */,
				F49B9AEC19C01BBB0021406B /* wsAppDelegate.m in Sources */,
				F49B9AE819C01BBB0021406B /* main.m in Sources */,
				F49B9AF219C01BBB0021406B /* wsViewController.m in Sources */,
			);
			runOnlyForDeploymentPostprocessing = 0;
		};
		F49B9AF519C01BBB0021406B /* Sources */ = {
			isa = PBXSourcesBuildPhase;
			buildActionMask = 2147483647;
			files = (
				F49B9B0719C01BBB0021406B /* json_model_exampleTests.m in Sources */,
			);
			runOnlyForDeploymentPostprocessing = 0;
		};
/* End PBXSourcesBuildPhase section */

/* Begin PBXTargetDependency section */
		F49B9AFF19C01BBB0021406B /* PBXTargetDependency */ = {
			isa = PBXTargetDependency;
			target = F49B9AD719C01BBB0021406B /* json_model_example */;
			targetProxy = F49B9AFE19C01BBB0021406B /* PBXContainerItemProxy */;
		};
/* End PBXTargetDependency section */

/* Begin PBXVariantGroup section */
		F49B9AE419C01BBB0021406B /* InfoPlist.strings */ = {
			isa = PBXVariantGroup;
			children = (
				F49B9AE519C01BBB0021406B /* en */,
			);
			name = InfoPlist.strings;
			sourceTree = "<group>";
		};
		F49B9AED19C01BBB0021406B /* Main.storyboard */ = {
			isa = PBXVariantGroup;
			children = (
				F49B9AEE19C01BBB0021406B /* Base */,
			);
			name = Main.storyboard;
			sourceTree = "<group>";
		};
		F49B9B0319C01BBB0021406B /* InfoPlist.strings */ = {
			isa = PBXVariantGroup;
			children = (
				F49B9B0419C01BBB0021406B /* en */,
			);
			name = InfoPlist.strings;
			sourceTree = "<group>";
		};
/* End PBXVariantGroup section */

/* Begin XCBuildConfiguration section */
		F49B9B0819C01BBB0021406B /* Debug */ = {
			isa = XCBuildConfiguration;
			buildSettings = {
				ALWAYS_SEARCH_USER_PATHS = NO;
				CLANG_CXX_LANGUAGE_STANDARD = "gnu++0x";
				CLANG_CXX_LIBRARY = "libc++";
				CLANG_ENABLE_MODULES = YES;
				CLANG_ENABLE_OBJC_ARC = YES;
				CLANG_WARN_BOOL_CONVERSION = YES;
				CLANG_WARN_CONSTANT_CONVERSION = YES;
				CLANG_WARN_DIRECT_OBJC_ISA_USAGE = YES_ERROR;
				CLANG_WARN_EMPTY_BODY = YES;
				CLANG_WARN_ENUM_CONVERSION = YES;
				CLANG_WARN_INT_CONVERSION = YES;
				CLANG_WARN_OBJC_ROOT_CLASS = YES_ERROR;
				CLANG_WARN__DUPLICATE_METHOD_MATCH = YES;
				"CODE_SIGN_IDENTITY[sdk=iphoneos*]" = "iPhone Developer";
				COPY_PHASE_STRIP = NO;
				GCC_C_LANGUAGE_STANDARD = gnu99;
				GCC_DYNAMIC_NO_PIC = NO;
				GCC_OPTIMIZATION_LEVEL = 0;
				GCC_PREPROCESSOR_DEFINITIONS = (
					"DEBUG=1",
					"$(inherited)",
				);
				GCC_SYMBOLS_PRIVATE_EXTERN = NO;
				GCC_WARN_64_TO_32_BIT_CONVERSION = YES;
				GCC_WARN_ABOUT_RETURN_TYPE = YES_ERROR;
				GCC_WARN_UNDECLARED_SELECTOR = YES;
				GCC_WARN_UNINITIALIZED_AUTOS = YES_AGGRESSIVE;
				GCC_WARN_UNUSED_FUNCTION = YES;
				GCC_WARN_UNUSED_VARIABLE = YES;
				IPHONEOS_DEPLOYMENT_TARGET = 7.1;
				ONLY_ACTIVE_ARCH = YES;
				SDKROOT = iphoneos;
			};
			name = Debug;
		};
		F49B9B0919C01BBB0021406B /* Release */ = {
			isa = XCBuildConfiguration;
			buildSettings = {
				ALWAYS_SEARCH_USER_PATHS = NO;
				CLANG_CXX_LANGUAGE_STANDARD = "gnu++0x";
				CLANG_CXX_LIBRARY = "libc++";
				CLANG_ENABLE_MODULES = YES;
				CLANG_ENABLE_OBJC_ARC = YES;
				CLANG_WARN_BOOL_CONVERSION = YES;
				CLANG_WARN_CONSTANT_CONVERSION = YES;
				CLANG_WARN_DIRECT_OBJC_ISA_USAGE = YES_ERROR;
				CLANG_WARN_EMPTY_BODY = YES;
				CLANG_WARN_ENUM_CONVERSION = YES;
				CLANG_WARN_INT_CONVERSION = YES;
				CLANG_WARN_OBJC_ROOT_CLASS = YES_ERROR;
				CLANG_WARN__DUPLICATE_METHOD_MATCH = YES;
				"CODE_SIGN_IDENTITY[sdk=iphoneos*]" = "iPhone Developer";
				COPY_PHASE_STRIP = YES;
				ENABLE_NS_ASSERTIONS = NO;
				GCC_C_LANGUAGE_STANDARD = gnu99;
				GCC_WARN_64_TO_32_BIT_CONVERSION = YES;
				GCC_WARN_ABOUT_RETURN_TYPE = YES_ERROR;
				GCC_WARN_UNDECLARED_SELECTOR = YES;
				GCC_WARN_UNINITIALIZED_AUTOS = YES_AGGRESSIVE;
				GCC_WARN_UNUSED_FUNCTION = YES;
				GCC_WARN_UNUSED_VARIABLE = YES;
				IPHONEOS_DEPLOYMENT_TARGET = 7.1;
				SDKROOT = iphoneos;
				VALIDATE_PRODUCT = YES;
			};
			name = Release;
		};
		F49B9B0B19C01BBB0021406B /* Debug */ = {
			isa = XCBuildConfiguration;
			buildSettings = {
				ASSETCATALOG_COMPILER_APPICON_NAME = AppIcon;
				ASSETCATALOG_COMPILER_LAUNCHIMAGE_NAME = LaunchImage;
				GCC_PRECOMPILE_PREFIX_HEADER = YES;
				GCC_PREFIX_HEADER = "json_model_example/json_model_example-Prefix.pch";
				INFOPLIST_FILE = "json_model_example/json_model_example-Info.plist";
				PRODUCT_NAME = "$(TARGET_NAME)";
				WRAPPER_EXTENSION = app;
			};
			name = Debug;
		};
		F49B9B0C19C01BBB0021406B /* Release */ = {
			isa = XCBuildConfiguration;
			buildSettings = {
				ASSETCATALOG_COMPILER_APPICON_NAME = AppIcon;
				ASSETCATALOG_COMPILER_LAUNCHIMAGE_NAME = LaunchImage;
				GCC_PRECOMPILE_PREFIX_HEADER = YES;
				GCC_PREFIX_HEADER = "json_model_example/json_model_example-Prefix.pch";
				INFOPLIST_FILE = "json_model_example/json_model_example-Info.plist";
				PRODUCT_NAME = "$(TARGET_NAME)";
				WRAPPER_EXTENSION = app;
			};
			name = Release;
		};
		F49B9B0E19C01BBB0021406B /* Debug */ = {
			isa = XCBuildConfiguration;
			buildSettings = {
				BUNDLE_LOADER = "$(BUILT_PRODUCTS_DIR)/json_model_example.app/json_model_example";
				FRAMEWORK_SEARCH_PATHS = (
					"$(SDKROOT)/Developer/Library/Frameworks",
					"$(inherited)",
					"$(DEVELOPER_FRAMEWORKS_DIR)",
				);
				GCC_PRECOMPILE_PREFIX_HEADER = YES;
				GCC_PREFIX_HEADER = "json_model_example/json_model_example-Prefix.pch";
				GCC_PREPROCESSOR_DEFINITIONS = (
					"DEBUG=1",
					"$(inherited)",
				);
				INFOPLIST_FILE = "json_model_exampleTests/json_model_exampleTests-Info.plist";
				PRODUCT_NAME = "$(TARGET_NAME)";
				TEST_HOST = "$(BUNDLE_LOADER)";
				WRAPPER_EXTENSION = xctest;
			};
			name = Debug;
		};
		F49B9B0F19C01BBB0021406B /* Release */ = {
			isa = XCBuildConfiguration;
			buildSettings = {
				BUNDLE_LOADER = "$(BUILT_PRODUCTS_DIR)/json_model_example.app/json_model_example";
				FRAMEWORK_SEARCH_PATHS = (
					"$(SDKROOT)/Developer/Library/Frameworks",
					"$(inherited)",
					"$(DEVELOPER_FRAMEWORKS_DIR)",
				);
				GCC_PRECOMPILE_PREFIX_HEADER = YES;
				GCC_PREFIX_HEADER = "json_model_example/json_model_example-Prefix.pch";
				INFOPLIST_FILE = "json_model_exampleTests/json_model_exampleTests-Info.plist";
				PRODUCT_NAME = "$(TARGET_NAME)";
				TEST_HOST = "$(BUNDLE_LOADER)";
				WRAPPER_EXTENSION = xctest;
			};
			name = Release;
		};
/* End XCBuildConfiguration section */

/* Begin XCConfigurationList section */
		F49B9AD319C01BBA0021406B /* Build configuration list for PBXProject "json_model_example" */ = {
			isa = XCConfigurationList;
			buildConfigurations = (
				F49B9B0819C01BBB0021406B /* Debug */,
				F49B9B0919C01BBB0021406B /* Release */,
			);
			defaultConfigurationIsVisible = 0;
			defaultConfigurationName = Release;
		};
		F49B9B0A19C01BBB0021406B /* Build configuration list for PBXNativeTarget "json_model_example" */ = {
			isa = XCConfigurationList;
			buildConfigurations = (
				F49B9B0B19C01BBB0021406B /* Debug */,
				F49B9B0C19C01BBB0021406B /* Release */,
			);
			defaultConfigurationIsVisible = 0;
		};
		F49B9B0D19C01BBB0021406B /* Build configuration list for PBXNativeTarget "json_model_exampleTests" */ = {
			isa = XCConfigurationList;
			buildConfigurations = (
				F49B9B0E19C01BBB0021406B /* Debug */,
				F49B9B0F19C01BBB0021406B /* Release */,
			);
			defaultConfigurationIsVisible = 0;
		};
/* End XCConfigurationList section */
	};
	rootObject = F49B9AD019C01BBA0021406B /* Project object */;
}
